
Microsoft Visual Studio Solution File, Format Version 12.00
# Visual Studio 15
VisualStudioVersion = 15.0.28307.489
MinimumVisualStudioVersion = 10.0.40219.1
Project("{FAE04EC0-301F-11D3-BF4B-00C04F79EFBC}") = "HMCycle", "HMCycle\HMCycle.csproj", "{FDC634B3-3DAC-4F04-A2AB-9D085E5F3321}"
EndProject
Global
	GlobalSection(SolutionConfigurationPlatforms) = preSolution
		Debug|Any CPU = Debug|Any CPU
		Release|Any CPU = Release|Any CPU
	EndGlobalSection
	GlobalSection(ProjectConfigurationPlatforms) = postSolution
		{FDC634B3-3DAC-4F04-A2AB-9D085E5F3321}.Debug|Any CPU.ActiveCfg = Debug|Any CPU
		{FDC634B3-3DAC-4F04-A2AB-9D085E5F3321}.Debug|Any CPU.Build.0 = Debug|Any CPU
		{FDC634B3-3DAC-4F04-A2AB-9D085E5F3321}.Release|Any CPU.ActiveCfg = Release|Any CPU
		{FDC634B3-3DAC-4F04-A2AB-9D085E5F3321}.Release|Any CPU.Build.0 = Release|Any CPU
	EndGlobalSection
	GlobalSection(SolutionProperties) = preSolution
		HideSolutionNode = FALSE
	EndGlobalSection
	GlobalSection(ExtensibilityGlobals) = postSolution
		SolutionGuid = {91F76B4F-BCB2-49FC-908C-71C5E5DA4AA1}
	EndGlobalSection
EndGlobal
