
Microsoft Visual Studio Solution File, Format Version 12.00
# Visual Studio 15
VisualStudioVersion = 15.0.28307.489
MinimumVisualStudioVersion = 10.0.40219.1
Project("{FAE04EC0-301F-11D3-BF4B-00C04F79EFBC}") = "BankHM", "BankHM\BankHM.csproj", "{B91FA44B-77B9-47D3-AAB7-1130C033AC13}"
EndProject
Global
	GlobalSection(SolutionConfigurationPlatforms) = preSolution
		Debug|Any CPU = Debug|Any CPU
		Release|Any CPU = Release|Any CPU
	EndGlobalSection
	GlobalSection(ProjectConfigurationPlatforms) = postSolution
		{B91FA44B-77B9-47D3-AAB7-1130C033AC13}.Debug|Any CPU.ActiveCfg = Debug|Any CPU
		{B91FA44B-77B9-47D3-AAB7-1130C033AC13}.Debug|Any CPU.Build.0 = Debug|Any CPU
		{B91FA44B-77B9-47D3-AAB7-1130C033AC13}.Release|Any CPU.ActiveCfg = Release|Any CPU
		{B91FA44B-77B9-47D3-AAB7-1130C033AC13}.Release|Any CPU.Build.0 = Release|Any CPU
	EndGlobalSection
	GlobalSection(SolutionProperties) = preSolution
		HideSolutionNode = FALSE
	EndGlobalSection
	GlobalSection(ExtensibilityGlobals) = postSolution
		SolutionGuid = {3446FDD3-968E-4D73-AC02-F42D8C3B73A2}
	EndGlobalSection
EndGlobal
